
Microsoft Visual Studio Solution File, Format Version 12.00
# Visual Studio 15
VisualStudioVersion = 15.0.28307.421
MinimumVisualStudioVersion = 10.0.40219.1
Project("{2150E333-8FDC-42A3-9474-1A3956D46DE8}") = "Domain", "Domain", "{EC94BCA2-270D-469E-ADE4-3120753BFCBC}"
EndProject
Project("{2150E333-8FDC-42A3-9474-1A3956D46DE8}") = "Infra.Bus", "Infra.Bus", "{A655EF02-6768-47F3-881B-AA8985E03A05}"
EndProject
Project("{2150E333-8FDC-42A3-9474-1A3956D46DE8}") = "Infra.Ioc", "Infra.Ioc", "{669598EE-1005-4560-86EA-994DA75F011F}"
EndProject
Project("{2150E333-8FDC-42A3-9474-1A3956D46DE8}") = "Microservices", "Microservices", "{A285A631-7F21-4AEA-97AA-A49858952C29}"
EndProject
Project("{2150E333-8FDC-42A3-9474-1A3956D46DE8}") = "Presentation", "Presentation", "{6F56A661-B4D9-4F0A-8D27-5BAF0B7BCC9F}"
EndProject
Project("{2150E333-8FDC-42A3-9474-1A3956D46DE8}") = "Banking", "Banking", "{BDF4AEC5-7755-443A-9590-215705EA9C07}"
EndProject
Project("{2150E333-8FDC-42A3-9474-1A3956D46DE8}") = "Api", "Api", "{98CF305F-57E4-48EA-9527-A38038EAB7E2}"
EndProject
Project("{2150E333-8FDC-42A3-9474-1A3956D46DE8}") = "Application", "Application", "{78EA8471-5EAF-41C0-95FE-0F1B4572D814}"
EndProject
Project("{2150E333-8FDC-42A3-9474-1A3956D46DE8}") = "Data", "Data", "{195BAC59-0BBB-4EC1-BB03-4F981EA6B180}"
EndProject
Project("{2150E333-8FDC-42A3-9474-1A3956D46DE8}") = "Domain", "Domain", "{7593B217-057E-46F2-9255-CB0F7FDA1BBA}"
EndProject
Project("{9A19103F-16F7-4668-BE54-9A1E7A4F7556}") = "MicroRabbit.Banking.Data", "MicroRabbit.Banking.Data\MicroRabbit.Banking.Data.csproj", "{7AB7D403-1669-434C-8869-4D8C3BA05218}"
EndProject
Project("{9A19103F-16F7-4668-BE54-9A1E7A4F7556}") = "MicroRabbit.Banking.Domain", "MicroRabbit.Banking.Domain\MicroRabbit.Banking.Domain.csproj", "{D865F32C-D4B0-4DFA-8981-B39E0B6EFE67}"
EndProject
Project("{9A19103F-16F7-4668-BE54-9A1E7A4F7556}") = "MicoRabbit.Domain.Core", "MicoRabbit.Domain.Core\MicoRabbit.Domain.Core.csproj", "{794D9957-2056-4CBD-B3F5-E59FCF73753E}"
EndProject
Project("{9A19103F-16F7-4668-BE54-9A1E7A4F7556}") = "MicroRabbit.Infra.bus", "MicroRabbit.Infra.bus\MicroRabbit.Infra.bus.csproj", "{B2C1BD08-EA91-406D-99E1-8E08B8A098B7}"
EndProject
Project("{9A19103F-16F7-4668-BE54-9A1E7A4F7556}") = "MicroRabbit.Banking.Application", "MicroRabbit.Banking.Application\MicroRabbit.Banking.Application.csproj", "{81C5C7C2-AB2C-4ABF-94DD-0D55B6C2FABC}"
EndProject
Project("{9A19103F-16F7-4668-BE54-9A1E7A4F7556}") = "MicroRabbit.Infra.Ioc", "MicroRabbit.Infra.Ioc\MicroRabbit.Infra.Ioc.csproj", "{4824DDEA-35CC-4598-8898-6376E6ABA802}"
EndProject
Project("{FAE04EC0-301F-11D3-BF4B-00C04F79EFBC}") = "MicroRabbit.Banking.Api", "MicroRabbit.Banking.Api\MicroRabbit.Banking.Api.csproj", "{A59AE878-27C6-403F-8885-52A56AD6EABC}"
EndProject
Global
	GlobalSection(SolutionConfigurationPlatforms) = preSolution
		Debug|Any CPU = Debug|Any CPU
		Release|Any CPU = Release|Any CPU
	EndGlobalSection
	GlobalSection(ProjectConfigurationPlatforms) = postSolution
		{7AB7D403-1669-434C-8869-4D8C3BA05218}.Debug|Any CPU.ActiveCfg = Debug|Any CPU
		{7AB7D403-1669-434C-8869-4D8C3BA05218}.Debug|Any CPU.Build.0 = Debug|Any CPU
		{7AB7D403-1669-434C-8869-4D8C3BA05218}.Release|Any CPU.ActiveCfg = Release|Any CPU
		{7AB7D403-1669-434C-8869-4D8C3BA05218}.Release|Any CPU.Build.0 = Release|Any CPU
		{D865F32C-D4B0-4DFA-8981-B39E0B6EFE67}.Debug|Any CPU.ActiveCfg = Debug|Any CPU
		{D865F32C-D4B0-4DFA-8981-B39E0B6EFE67}.Debug|Any CPU.Build.0 = Debug|Any CPU
		{D865F32C-D4B0-4DFA-8981-B39E0B6EFE67}.Release|Any CPU.ActiveCfg = Release|Any CPU
		{D865F32C-D4B0-4DFA-8981-B39E0B6EFE67}.Release|Any CPU.Build.0 = Release|Any CPU
		{794D9957-2056-4CBD-B3F5-E59FCF73753E}.Debug|Any CPU.ActiveCfg = Debug|Any CPU
		{794D9957-2056-4CBD-B3F5-E59FCF73753E}.Debug|Any CPU.Build.0 = Debug|Any CPU
		{794D9957-2056-4CBD-B3F5-E59FCF73753E}.Release|Any CPU.ActiveCfg = Release|Any CPU
		{794D9957-2056-4CBD-B3F5-E59FCF73753E}.Release|Any CPU.Build.0 = Release|Any CPU
		{B2C1BD08-EA91-406D-99E1-8E08B8A098B7}.Debug|Any CPU.ActiveCfg = Debug|Any CPU
		{B2C1BD08-EA91-406D-99E1-8E08B8A098B7}.Debug|Any CPU.Build.0 = Debug|Any CPU
		{B2C1BD08-EA91-406D-99E1-8E08B8A098B7}.Release|Any CPU.ActiveCfg = Release|Any CPU
		{B2C1BD08-EA91-406D-99E1-8E08B8A098B7}.Release|Any CPU.Build.0 = Release|Any CPU
		{81C5C7C2-AB2C-4ABF-94DD-0D55B6C2FABC}.Debug|Any CPU.ActiveCfg = Debug|Any CPU
		{81C5C7C2-AB2C-4ABF-94DD-0D55B6C2FABC}.Debug|Any CPU.Build.0 = Debug|Any CPU
		{81C5C7C2-AB2C-4ABF-94DD-0D55B6C2FABC}.Release|Any CPU.ActiveCfg = Release|Any CPU
		{81C5C7C2-AB2C-4ABF-94DD-0D55B6C2FABC}.Release|Any CPU.Build.0 = Release|Any CPU
		{4824DDEA-35CC-4598-8898-6376E6ABA802}.Debug|Any CPU.ActiveCfg = Debug|Any CPU
		{4824DDEA-35CC-4598-8898-6376E6ABA802}.Debug|Any CPU.Build.0 = Debug|Any CPU
		{4824DDEA-35CC-4598-8898-6376E6ABA802}.Release|Any CPU.ActiveCfg = Release|Any CPU
		{4824DDEA-35CC-4598-8898-6376E6ABA802}.Release|Any CPU.Build.0 = Release|Any CPU
		{A59AE878-27C6-403F-8885-52A56AD6EABC}.Debug|Any CPU.ActiveCfg = Debug|Any CPU
		{A59AE878-27C6-403F-8885-52A56AD6EABC}.Debug|Any CPU.Build.0 = Debug|Any CPU
		{A59AE878-27C6-403F-8885-52A56AD6EABC}.Release|Any CPU.ActiveCfg = Release|Any CPU
		{A59AE878-27C6-403F-8885-52A56AD6EABC}.Release|Any CPU.Build.0 = Release|Any CPU
	EndGlobalSection
	GlobalSection(SolutionProperties) = preSolution
		HideSolutionNode = FALSE
	EndGlobalSection
	GlobalSection(NestedProjects) = preSolution
		{BDF4AEC5-7755-443A-9590-215705EA9C07} = {A285A631-7F21-4AEA-97AA-A49858952C29}
		{98CF305F-57E4-48EA-9527-A38038EAB7E2} = {BDF4AEC5-7755-443A-9590-215705EA9C07}
		{78EA8471-5EAF-41C0-95FE-0F1B4572D814} = {BDF4AEC5-7755-443A-9590-215705EA9C07}
		{195BAC59-0BBB-4EC1-BB03-4F981EA6B180} = {BDF4AEC5-7755-443A-9590-215705EA9C07}
		{7593B217-057E-46F2-9255-CB0F7FDA1BBA} = {BDF4AEC5-7755-443A-9590-215705EA9C07}
		{7AB7D403-1669-434C-8869-4D8C3BA05218} = {195BAC59-0BBB-4EC1-BB03-4F981EA6B180}
		{D865F32C-D4B0-4DFA-8981-B39E0B6EFE67} = {7593B217-057E-46F2-9255-CB0F7FDA1BBA}
		{794D9957-2056-4CBD-B3F5-E59FCF73753E} = {EC94BCA2-270D-469E-ADE4-3120753BFCBC}
		{B2C1BD08-EA91-406D-99E1-8E08B8A098B7} = {A655EF02-6768-47F3-881B-AA8985E03A05}
		{81C5C7C2-AB2C-4ABF-94DD-0D55B6C2FABC} = {78EA8471-5EAF-41C0-95FE-0F1B4572D814}
		{4824DDEA-35CC-4598-8898-6376E6ABA802} = {669598EE-1005-4560-86EA-994DA75F011F}
		{A59AE878-27C6-403F-8885-52A56AD6EABC} = {98CF305F-57E4-48EA-9527-A38038EAB7E2}
	EndGlobalSection
	GlobalSection(ExtensibilityGlobals) = postSolution
		SolutionGuid = {A613EFE1-5FF0-4F5E-A89D-FB5162DA7E74}
	EndGlobalSection
EndGlobal
